
Microsoft Visual Studio Solution File, Format Version 12.00
# Visual Studio Version 17
VisualStudioVersion = 17.7.34024.191
MinimumVisualStudioVersion = 10.0.40219.1
Project("{FAE04EC0-301F-11D3-BF4B-00C04F79EFBC}") = "MauiPrevisaoTempo", "MauiPrevisaoTempo\MauiPrevisaoTempo.csproj", "{9D8A245E-1D21-4805-BF62-56254C47F0F1}"
EndProject
Global
	GlobalSection(SolutionConfigurationPlatforms) = preSolution
		Debug|Any CPU = Debug|Any CPU
		Release|Any CPU = Release|Any CPU
	EndGlobalSection
	GlobalSection(ProjectConfigurationPlatforms) = postSolution
		{9D8A245E-1D21-4805-BF62-56254C47F0F1}.Debug|Any CPU.ActiveCfg = Debug|Any CPU
		{9D8A245E-1D21-4805-BF62-56254C47F0F1}.Debug|Any CPU.Build.0 = Debug|Any CPU
		{9D8A245E-1D21-4805-BF62-56254C47F0F1}.Debug|Any CPU.Deploy.0 = Debug|Any CPU
		{9D8A245E-1D21-4805-BF62-56254C47F0F1}.Release|Any CPU.ActiveCfg = Release|Any CPU
		{9D8A245E-1D21-4805-BF62-56254C47F0F1}.Release|Any CPU.Build.0 = Release|Any CPU
		{9D8A245E-1D21-4805-BF62-56254C47F0F1}.Release|Any CPU.Deploy.0 = Release|Any CPU
	EndGlobalSection
	GlobalSection(SolutionProperties) = preSolution
		HideSolutionNode = FALSE
	EndGlobalSection
	GlobalSection(ExtensibilityGlobals) = postSolution
		SolutionGuid = {C8C9D38B-048D-4A5C-AB92-BE7B43AB6601}
	EndGlobalSection
EndGlobal
